<?xml version="1.0" encoding="utf-8"?>
<Project ToolsVersion="4.0" xmlns="http://schemas.microsoft.com/developer/msbuild/2003">
  <ItemGroup>
    <Filter Include="Source Files">
      <UniqueIdentifier>{4FC737F1-C7A5-4376-A066-2A32D752A2FF}</UniqueIdentifier>
      <Extensions>cpp;c;cc;cxx;def;odl;idl;hpj;bat;asm;asmx</Extensions>
    </Filter>
    <Filter Include="Header Files">
      <UniqueIdentifier>{93995380-89BD-4b04-88EB-625FBE52EBFB}</UniqueIdentifier>
      <Extensions>h;hh;hpp;hxx;hm;inl;inc;xsd</Extensions>
    </Filter>
    <Filter Include="Resource Files">
      <UniqueIdentifier>{D9D6E242-F8AF-46E4-B9FD-80ECBC20BA3E}</UniqueIdentifier>
      <Extensions>qrc;*</Extensions>
      <ParseFiles>false</ParseFiles>
    </Filter>
    <Filter Include="Form Files">
      <UniqueIdentifier>{99349809-55BA-4b9d-BF79-8FDBB0286EB3}</UniqueIdentifier>
      <Extensions>ui</Extensions>
    </Filter>
    <Filter Include="Resource Files">
      <UniqueIdentifier>{D9D6E242-F8AF-46E4-B9FD-80ECBC20BA3E}</UniqueIdentifier>
      <Extensions>qrc;*</Extensions>
      <ParseFiles>false</ParseFiles>
    </Filter>
    <Filter Include="Generated Files">
      <UniqueIdentifier>{71ED8ED8-ACB9-4CE9-BBE1-E00B30144E11}</UniqueIdentifier>
      <Extensions>moc;h;cpp</Extensions>
      <SourceControlFiles>False</SourceControlFiles>
    </Filter>
    <Filter Include="Header Files\Tile">
      <UniqueIdentifier>{cc5b805c-e9d2-4016-9739-497da0ac5f56}</UniqueIdentifier>
    </Filter>
    <Filter Include="Source Files\Tile">
      <UniqueIdentifier>{23b43801-2f2d-4436-a264-849b8f4140de}</UniqueIdentifier>
    </Filter>
    <Filter Include="Header Files\Player%27s Board">
      <UniqueIdentifier>{9a11179d-83c9-48da-bddd-6799bc05ff5c}</UniqueIdentifier>
    </Filter>
    <Filter Include="Source Files\Player%27s Board">
      <UniqueIdentifier>{4294aa46-22db-41fb-985e-e019553293f4}</UniqueIdentifier>
    </Filter>
    <Filter Include="Header Files\Game">
      <UniqueIdentifier>{f7e383d0-fdbd-4fc0-85c4-e5cbb112a260}</UniqueIdentifier>
    </Filter>
    <Filter Include="Source Files\Game">
      <UniqueIdentifier>{e78ed0ba-92f0-423f-bcb0-4cac7f6af8ce}</UniqueIdentifier>
    </Filter>
  </ItemGroup>
  <ItemGroup>
    <ClCompile Include="main.cpp">
      <Filter>Source Files</Filter>
    </ClCompile>
    <ClCompile Include="MainWindow.cpp">
      <Filter>Source Files</Filter>
    </ClCompile>
    <ClCompile Include="MainMenu.cpp">
      <Filter>Source Files</Filter>
    </ClCompile>
    <ClCompile Include="TilesWorkshop.cpp">
      <Filter>Source Files</Filter>
    </ClCompile>
    <ClCompile Include="TilesPile.cpp">
      <Filter>Source Files</Filter>
    </ClCompile>
    <ClCompile Include="TilesManager.cpp">
      <Filter>Source Files\Tile</Filter>
    </ClCompile>
    <ClCompile Include="Tile.cpp">
      <Filter>Source Files\Tile</Filter>
    </ClCompile>
    <ClCompile Include="TileSlot.cpp">
      <Filter>Source Files\Tile</Filter>
    </ClCompile>
    <ClCompile Include="PlayersBoard.cpp">
      <Filter>Source Files\Player%27s Board</Filter>
    </ClCompile>
    <ClCompile Include="PatternLines.cpp">
      <Filter>Source Files\Player%27s Board</Filter>
    </ClCompile>
    <ClCompile Include="WallLines.cpp">
      <Filter>Source Files\Player%27s Board</Filter>
    </ClCompile>
    <ClCompile Include="FloorLine.cpp">
      <Filter>Source Files\Player%27s Board</Filter>
    </ClCompile>
    <ClCompile Include="GameBoard.cpp">
      <Filter>Source Files\Game</Filter>
    </ClCompile>
    <ClCompile Include="SizeData.cpp">
      <Filter>Source Files\Game</Filter>
    </ClCompile>
    <ClCompile Include="TileSlotContainer.cpp">
      <Filter>Source Files\Tile</Filter>
    </ClCompile>
    <ClCompile Include="TileSlotSquare.cpp">
      <Filter>Source Files\Tile</Filter>
    </ClCompile>
    <ClCompile Include="TileSlotLines.cpp">
      <Filter>Source Files\Tile</Filter>
    </ClCompile>
  </ItemGroup>
  <ItemGroup>
    <QtMoc Include="MainWindow.h">
      <Filter>Header Files</Filter>
    </QtMoc>
    <QtMoc Include="MainMenu.h">
      <Filter>Header Files</Filter>
    </QtMoc>
    <QtMoc Include="TilesWorkshop.h">
      <Filter>Header Files</Filter>
    </QtMoc>
    <QtMoc Include="TilesPile.h">
      <Filter>Header Files</Filter>
    </QtMoc>
    <QtMoc Include="Tile.h">
      <Filter>Header Files\Tile</Filter>
    </QtMoc>
    <QtMoc Include="TilesManager.h">
      <Filter>Header Files\Tile</Filter>
    </QtMoc>
    <QtMoc Include="PlayersBoard.h">
      <Filter>Header Files\Player%27s Board</Filter>
    </QtMoc>
    <QtMoc Include="PatternLines.h">
      <Filter>Header Files\Player%27s Board</Filter>
    </QtMoc>
    <QtMoc Include="WallLines.h">
      <Filter>Header Files\Player%27s Board</Filter>
    </QtMoc>
    <QtMoc Include="FloorLine.h">
      <Filter>Header Files\Player%27s Board</Filter>
    </QtMoc>
    <QtMoc Include="GameBoard.h">
      <Filter>Header Files\Game</Filter>
    </QtMoc>
    <QtMoc Include="TileSlotContainer.h">
      <Filter>Header Files\Tile</Filter>
    </QtMoc>
    <QtMoc Include="TileSlotLines.h">
      <Filter>Header Files\Tile</Filter>
    </QtMoc>
  </ItemGroup>
  <ItemGroup>
    <QtUic Include="MainWindow.ui">
      <Filter>Form Files</Filter>
    </QtUic>
    <QtUic Include="MainMenu.ui">
      <Filter>Form Files</Filter>
    </QtUic>
    <QtUic Include="GameBoard.ui">
      <Filter>Form Files</Filter>
    </QtUic>
    <QtUic Include="TilesWorkshop.ui">
      <Filter>Form Files</Filter>
    </QtUic>
    <QtUic Include="Tile.ui">
      <Filter>Form Files</Filter>
    </QtUic>
    <QtUic Include="TilesPile.ui">
      <Filter>Form Files</Filter>
    </QtUic>
  </ItemGroup>
  <ItemGroup>
    <ClInclude Include="Enum.h">
      <Filter>Header Files</Filter>
    </ClInclude>
    <ClInclude Include="SizeData.h">
      <Filter>Header Files\Game</Filter>
    </ClInclude>
    <ClInclude Include="TileSlot.h">
      <Filter>Header Files\Tile</Filter>
    </ClInclude>
    <ClInclude Include="TileSlotSquare.h">
      <Filter>Header Files\Tile</Filter>
    </ClInclude>
  </ItemGroup>
  <ItemGroup>
    <QtRcc Include="res.qrc">
      <Filter>Resource Files</Filter>
    </QtRcc>
  </ItemGroup>
</Project>